{
  "name": "test",
  "version": "1.0.0",
  "lockfileVersion": 1,
  "requires": true,
  "dependencies": {
    "clearstring-felipehfo": {
      "version": "1.0.8",
      "resolved": "https://registry.npmjs.org/clearstring-felipehfo/-/clearstring-felipehfo-1.0.8.tgz",
      "integrity": "sha512-V1TYcNuo+15E6KIfApIs3FJ7mUMs4/qFV+zeIuJIdIR8K4GYqI8/nRX5Jo64I/VM6kaa17LRDYmVhIdjuBZAwg=="
    }
  }
}
