{
  "name": "test",
  "version": "1.0.0",
  "lockfileVersion": 1,
  "requires": true,
  "dependencies": {
    "clearstring-felipehfo": {
      "version": "1.0.10",
      "resolved": "https://registry.npmjs.org/clearstring-felipehfo/-/clearstring-felipehfo-1.0.10.tgz",
      "integrity": "sha512-JzS16taPvaXyTjV+tE2AZ/ZQgcHkP6zEelPaGzx7OfDVlJGheqa/ngTTIN85ovnv90SRQC1/YnSCU2VMWwyUiw=="
    }
  }
}
